<?xml version="1.0" encoding="utf-8"?>
<Project ToolsVersion="4.0" xmlns="http://schemas.microsoft.com/developer/msbuild/2003">
  <ItemGroup>
    <Filter Include="Include">
      <UniqueIdentifier>{ee15f6a4-5a47-4b6f-94f9-b8e06796c80a}</UniqueIdentifier>
    </Filter>
    <Filter Include="Source">
      <UniqueIdentifier>{5c5f214b-9991-4f4a-877b-f61c79f6f404}</UniqueIdentifier>
    </Filter>
    <Filter Include="Source\Common">
      <UniqueIdentifier>{bdb4968e-6392-485f-bcdb-bc42ee227b95}</UniqueIdentifier>
    </Filter>
    <Filter Include="Source\Common\Audio">
      <UniqueIdentifier>{c2b0c3ef-93e3-45e1-b6a8-282e2e6575f1}</UniqueIdentifier>
    </Filter>
    <Filter Include="Source\GUI">
      <UniqueIdentifier>{532c6796-c540-4ce4-ac40-2a42891aa549}</UniqueIdentifier>
    </Filter>
    <Filter Include="Source\Scene">
      <UniqueIdentifier>{a9b7e40b-c39f-46d6-89b6-e6b2a8e5d5ab}</UniqueIdentifier>
    </Filter>
    <Filter Include="Include\Common">
      <UniqueIdentifier>{c5a1e3ae-7f6a-4c73-80d2-0d12542e85d6}</UniqueIdentifier>
    </Filter>
    <Filter Include="Include\Common\Audio">
      <UniqueIdentifier>{17cc28cd-9849-4340-b2c3-a9efcda8bc18}</UniqueIdentifier>
    </Filter>
    <Filter Include="Include\Scene">
      <UniqueIdentifier>{6d80a32d-3a3d-43b3-aced-65772f6d7a49}</UniqueIdentifier>
    </Filter>
    <Filter Include="Include\GUI">
      <UniqueIdentifier>{a1e95e4d-4f57-4d76-9d00-7758bf1cda09}</UniqueIdentifier>
    </Filter>
    <Filter Include="Source\Scene\Template">
      <UniqueIdentifier>{6d8095e5-8d94-4929-9540-06ba5b2f0fd1}</UniqueIdentifier>
    </Filter>
    <Filter Include="Include\Scene\Template">
      <UniqueIdentifier>{caeac2fa-26af-4c8b-b1ba-05a569d0c4a6}</UniqueIdentifier>
    </Filter>
    <Filter Include="Source\GameObject">
      <UniqueIdentifier>{7e2fe6b0-d56d-4913-81eb-b5f0e86c7214}</UniqueIdentifier>
    </Filter>
    <Filter Include="Include\GameObject">
      <UniqueIdentifier>{4b6e42e8-0925-4dfb-b61b-0bab30a4ac8c}</UniqueIdentifier>
    </Filter>
    <Filter Include="third-party">
      <UniqueIdentifier>{51c9cc20-462d-496e-9b53-7b7e5984d589}</UniqueIdentifier>
    </Filter>
    <Filter Include="Source\GameObject\Zombie">
      <UniqueIdentifier>{ef9e2a8d-20fc-4d0e-90cc-c0110b49e859}</UniqueIdentifier>
    </Filter>
    <Filter Include="Include\GameObject\Zombie">
      <UniqueIdentifier>{1e895cb4-7581-4bc5-ba15-8196ed95f263}</UniqueIdentifier>
    </Filter>
  </ItemGroup>
  <ItemGroup>
    <ClCompile Include="src\main.cpp" />
    <ClCompile Include="src\Window.cpp">
      <Filter>Source\Common</Filter>
    </ClCompile>
    <ClCompile Include="src\Game.cpp">
      <Filter>Source\Common</Filter>
    </ClCompile>
    <ClCompile Include="src\SceneManager.cpp">
      <Filter>Source\Common</Filter>
    </ClCompile>
    <ClCompile Include="src\Sfx.cpp">
      <Filter>Source\Common\Audio</Filter>
    </ClCompile>
    <ClCompile Include="src\Music.cpp">
      <Filter>Source\Common\Audio</Filter>
    </ClCompile>
    <ClCompile Include="src\Image.cpp">
      <Filter>Source\GUI</Filter>
    </ClCompile>
    <ClCompile Include="src\Button.cpp">
      <Filter>Source\GUI</Filter>
    </ClCompile>
    <ClCompile Include="src\BaseScene.cpp">
      <Filter>Source\Scene</Filter>
    </ClCompile>
    <ClCompile Include="src\GamePlay.cpp">
      <Filter>Source\Scene</Filter>
    </ClCompile>
    <ClCompile Include="src\MainMenu.cpp">
      <Filter>Source\Scene</Filter>
    </ClCompile>
    <ClCompile Include="src\SplashScreen.cpp">
      <Filter>Source\Scene</Filter>
    </ClCompile>
    <ClCompile Include="src\Physics.cpp">
      <Filter>Source\Common</Filter>
    </ClCompile>
    <ClCompile Include="src\AudioManager.cpp">
      <Filter>Source\Common\Audio</Filter>
    </ClCompile>
    <ClCompile Include="src\Animation.cpp">
      <Filter>Source\Common</Filter>
    </ClCompile>
    <ClCompile Include="src\TemplateScene.cpp">
      <Filter>Source\Scene\Template</Filter>
    </ClCompile>
    <ClCompile Include="src\Bullet.cpp">
      <Filter>Source\GameObject</Filter>
    </ClCompile>
    <ClCompile Include="src\Entity.cpp">
      <Filter>Source\GameObject</Filter>
    </ClCompile>
    <ClCompile Include="src\GameObject.cpp">
      <Filter>Source\GameObject</Filter>
    </ClCompile>
    <ClCompile Include="src\Obstacle.cpp">
      <Filter>Source\GameObject</Filter>
    </ClCompile>
    <ClCompile Include="src\PickupItem.cpp">
      <Filter>Source\GameObject</Filter>
    </ClCompile>
    <ClCompile Include="src\Player.cpp">
      <Filter>Source\GameObject</Filter>
    </ClCompile>
    <ClCompile Include="src\LoadingScreen.cpp">
      <Filter>Source\Scene</Filter>
    </ClCompile>
    <ClCompile Include="src\LightDirectionEmission.cpp">
      <Filter>third-party</Filter>
    </ClCompile>
    <ClCompile Include="src\LightPointEmission.cpp">
      <Filter>third-party</Filter>
    </ClCompile>
    <ClCompile Include="src\LightShape.cpp">
      <Filter>third-party</Filter>
    </ClCompile>
    <ClCompile Include="src\LightSystem.cpp">
      <Filter>third-party</Filter>
    </ClCompile>
    <ClCompile Include="src\Sprite.cpp">
      <Filter>third-party</Filter>
    </ClCompile>
    <ClCompile Include="src\BlueZombie.cpp">
      <Filter>Source\GameObject\Zombie</Filter>
    </ClCompile>
    <ClCompile Include="src\RedZombie.cpp">
      <Filter>Source\GameObject\Zombie</Filter>
    </ClCompile>
    <ClCompile Include="src\Zombie.cpp">
      <Filter>Source\GameObject\Zombie</Filter>
    </ClCompile>
    <ClCompile Include="src\Map.cpp">
      <Filter>Source\Common</Filter>
    </ClCompile>
    <ClCompile Include="src\NormalZombie.cpp">
      <Filter>Source\GameObject\Zombie</Filter>
    </ClCompile>
    <ClCompile Include="src\BlackZombie.cpp">
      <Filter>Source\GameObject\Zombie</Filter>
    </ClCompile>
  </ItemGroup>
  <ItemGroup>
    <ClInclude Include="include\AudioManager.h">
      <Filter>Include\Common\Audio</Filter>
    </ClInclude>
    <ClInclude Include="include\Music.h">
      <Filter>Include\Common\Audio</Filter>
    </ClInclude>
    <ClInclude Include="include\Sfx.h">
      <Filter>Include\Common\Audio</Filter>
    </ClInclude>
    <ClInclude Include="include\SharedObject.h">
      <Filter>Include\Common</Filter>
    </ClInclude>
    <ClInclude Include="include\SceneManager.h">
      <Filter>Include\Common</Filter>
    </ClInclude>
    <ClInclude Include="include\Game.h">
      <Filter>Include\Common</Filter>
    </ClInclude>
    <ClInclude Include="include\Config.h">
      <Filter>Include\Common</Filter>
    </ClInclude>
    <ClInclude Include="include\BaseScene.h">
      <Filter>Include\Scene</Filter>
    </ClInclude>
    <ClInclude Include="include\GamePlay.h">
      <Filter>Include\Scene</Filter>
    </ClInclude>
    <ClInclude Include="include\MainMenu.h">
      <Filter>Include\Scene</Filter>
    </ClInclude>
    <ClInclude Include="include\SplashScreen.h">
      <Filter>Include\Scene</Filter>
    </ClInclude>
    <ClInclude Include="include\Window.h">
      <Filter>Include\Common</Filter>
    </ClInclude>
    <ClInclude Include="include\Button.h">
      <Filter>Include\GUI</Filter>
    </ClInclude>
    <ClInclude Include="include\Image.h">
      <Filter>Include\GUI</Filter>
    </ClInclude>
    <ClInclude Include="include\Physics.h">
      <Filter>Include\Common</Filter>
    </ClInclude>
    <ClInclude Include="include\Animation.h">
      <Filter>Include\Common</Filter>
    </ClInclude>
    <ClInclude Include="include\TemplateScene.h">
      <Filter>Include\Scene\Template</Filter>
    </ClInclude>
    <ClInclude Include="include\Bullet.h">
      <Filter>Include\GameObject</Filter>
    </ClInclude>
    <ClInclude Include="include\Entity.h">
      <Filter>Include\GameObject</Filter>
    </ClInclude>
    <ClInclude Include="include\GameObject.h">
      <Filter>Include\GameObject</Filter>
    </ClInclude>
    <ClInclude Include="include\Obstacle.h">
      <Filter>Include\GameObject</Filter>
    </ClInclude>
    <ClInclude Include="include\PickupItem.h">
      <Filter>Include\GameObject</Filter>
    </ClInclude>
    <ClInclude Include="include\Player.h">
      <Filter>Include\GameObject</Filter>
    </ClInclude>
    <ClInclude Include="include\LoadingScreen.h">
      <Filter>Include\Scene</Filter>
    </ClInclude>
    <ClInclude Include="include\Zombie.h">
      <Filter>Include\GameObject\Zombie</Filter>
    </ClInclude>
    <ClInclude Include="include\RedZombie.h">
      <Filter>Include\GameObject\Zombie</Filter>
    </ClInclude>
    <ClInclude Include="include\BlueZombie.h">
      <Filter>Include\GameObject\Zombie</Filter>
    </ClInclude>
    <ClInclude Include="include\Map.h">
      <Filter>Include\Common</Filter>
    </ClInclude>
    <ClInclude Include="include\NormalZombie.h">
      <Filter>Include\GameObject\Zombie</Filter>
    </ClInclude>
    <ClInclude Include="include\BlackZombie.h">
      <Filter>Include\GameObject\Zombie</Filter>
    </ClInclude>
  </ItemGroup>
  <ItemGroup>
    <None Include="..\.gitignore" />
    <None Include="..\README.md" />
  </ItemGroup>
</Project>